
Microsoft Visual Studio Solution File, Format Version 12.00
# Visual Studio Version 16
VisualStudioVersion = 16.0.30517.126
MinimumVisualStudioVersion = 10.0.40219.1
Project("{FAE04EC0-301F-11D3-BF4B-00C04F79EFBC}") = "WebApplication3", "WebApplication3\WebApplication3.csproj", "{30BB95D2-B5D2-48CC-BBDF-46CAD5C1E041}"
EndProject
Global
	GlobalSection(SolutionConfigurationPlatforms) = preSolution
		Debug|Any CPU = Debug|Any CPU
		Release|Any CPU = Release|Any CPU
	EndGlobalSection
	GlobalSection(ProjectConfigurationPlatforms) = postSolution
		{30BB95D2-B5D2-48CC-BBDF-46CAD5C1E041}.Debug|Any CPU.ActiveCfg = Debug|Any CPU
		{30BB95D2-B5D2-48CC-BBDF-46CAD5C1E041}.Debug|Any CPU.Build.0 = Debug|Any CPU
		{30BB95D2-B5D2-48CC-BBDF-46CAD5C1E041}.Release|Any CPU.ActiveCfg = Release|Any CPU
		{30BB95D2-B5D2-48CC-BBDF-46CAD5C1E041}.Release|Any CPU.Build.0 = Release|Any CPU
	EndGlobalSection
	GlobalSection(SolutionProperties) = preSolution
		HideSolutionNode = FALSE
	EndGlobalSection
	GlobalSection(ExtensibilityGlobals) = postSolution
		SolutionGuid = {B2CB47E1-DB05-4503-8E3E-F74351FC772E}
	EndGlobalSection
EndGlobal
